<?xml version="1.0" encoding="utf-8"?>
<Project ToolsVersion="4.0" xmlns:atg="http://atg.xbox.com" xmlns="http://schemas.microsoft.com/developer/msbuild/2003">
  <ItemGroup>
    <Filter Include="Resource Files">
      <UniqueIdentifier>{8e114980-c1a3-4ada-ad7c-83caadf5daeb}</UniqueIdentifier>
      <Extensions>rc;ico;cur;bmp;dlg;rc2;rct;bin;rgs;gif;jpg;jpeg;jpe</Extensions>
    </Filter>
    <Filter Include="DXUT">
      <UniqueIdentifier>{a43c5c25-0e86-4a20-b64a-883785ff74fd}</UniqueIdentifier>
    </Filter>
    <Filter Include="Shaders">
      <UniqueIdentifier>{2c3d4c8c-5d1a-459a-a05a-a4e4b608a44e}</UniqueIdentifier>
      <Extensions>fx;fxh;hlsl</Extensions>
    </Filter>
    <Filter Include="Include">
      <UniqueIdentifier>{04531255-7fe0-41b3-b839-c06c54370eea}</UniqueIdentifier>
    </Filter>
    <Filter Include="src">
      <UniqueIdentifier>{65c4af85-5bc3-4e6b-8b39-5f9d7fe83360}</UniqueIdentifier>
    </Filter>
    <Filter Include="Imgui">
      <UniqueIdentifier>{27deae9d-caed-4983-8fe9-b4f12bc04ca4}</UniqueIdentifier>
    </Filter>
    <Filter Include="Imgui\Includes">
      <UniqueIdentifier>{7f663e97-292a-46c3-aec6-042b5bc4a65e}</UniqueIdentifier>
    </Filter>
    <Filter Include="Imgui\src">
      <UniqueIdentifier>{8bd8fdc7-b024-49be-8758-e371109d83ac}</UniqueIdentifier>
    </Filter>
  </ItemGroup>
  <ItemGroup>
    <ClInclude Include="include\Window.h">
      <Filter>Include</Filter>
    </ClInclude>
    <ClInclude Include="include\Prerequisites.h">
      <Filter>Include</Filter>
    </ClInclude>
    <ClInclude Include="include\Resource.h">
      <Filter>Include</Filter>
    </ClInclude>
    <ClInclude Include="include\Device.h">
      <Filter>Include</Filter>
    </ClInclude>
    <ClInclude Include="include\DeviceContext.h">
      <Filter>Include</Filter>
    </ClInclude>
    <ClInclude Include="include\DepthStencilView.h">
      <Filter>Include</Filter>
    </ClInclude>
    <ClInclude Include="include\SwapChain.h">
      <Filter>Include</Filter>
    </ClInclude>
    <ClInclude Include="include\Texture.h">
      <Filter>Include</Filter>
    </ClInclude>
    <ClInclude Include="include\RenderTargetView.h">
      <Filter>Include</Filter>
    </ClInclude>
    <ClInclude Include="include\Viewport.h" />
    <ClInclude Include="include\InputLayout.h" />
    <ClInclude Include="include\ShaderProgram.h" />
    <ClInclude Include="include\Buffer.h" />
    <ClInclude Include="include\SamplerState.h" />
    <ClInclude Include="include\ModelLoader.h">
      <Filter>Include</Filter>
    </ClInclude>
    <ClInclude Include="include\OBJ_Loader.h">
      <Filter>Include</Filter>
    </ClInclude>
    <ClInclude Include="include\Material.h">
      <Filter>Include</Filter>
    </ClInclude>
    <ClInclude Include="imgui-docking\imgui-docking\imconfig.h">
      <Filter>Imgui\Includes</Filter>
    </ClInclude>
    <ClInclude Include="imgui-docking\imgui-docking\imgui.h">
      <Filter>Imgui\Includes</Filter>
    </ClInclude>
    <ClInclude Include="imgui-docking\imgui-docking\imgui_internal.h">
      <Filter>Imgui\Includes</Filter>
    </ClInclude>
    <ClInclude Include="imgui-docking\imgui-docking\imstb_rectpack.h">
      <Filter>Imgui\Includes</Filter>
    </ClInclude>
    <ClInclude Include="imgui-docking\imgui-docking\imstb_textedit.h">
      <Filter>Imgui\Includes</Filter>
    </ClInclude>
    <ClInclude Include="imgui-docking\imgui-docking\imstb_truetype.h">
      <Filter>Imgui\Includes</Filter>
    </ClInclude>
    <ClInclude Include="imgui-docking\imgui-docking\backends\imgui_impl_dx11.h">
      <Filter>Imgui\src</Filter>
    </ClInclude>
    <ClInclude Include="imgui-docking\imgui-docking\backends\imgui_impl_win32.h">
      <Filter>Imgui\src</Filter>
    </ClInclude>
    <ClInclude Include="include\UserInterface.h">
      <Filter>Include</Filter>
    </ClInclude>
  </ItemGroup>
  <ItemGroup>
    <ClCompile Include="PLOPLO-Engine.cpp" />
    <ClCompile Include="src\Window.cpp">
      <Filter>src</Filter>
    </ClCompile>
    <ClCompile Include="src\Device.cpp">
      <Filter>src</Filter>
    </ClCompile>
    <ClCompile Include="src\DepthStencilView.cpp">
      <Filter>src</Filter>
    </ClCompile>
    <ClCompile Include="src\DeviceContext.cpp">
      <Filter>src</Filter>
    </ClCompile>
    <ClCompile Include="src\Texture.cpp">
      <Filter>src</Filter>
    </ClCompile>
    <ClCompile Include="src\SwapChain.cpp" />
    <ClCompile Include="src\RenderTargetView.cpp" />
    <ClCompile Include="src\Viewport.cpp" />
    <ClCompile Include="src\InputLayout.cpp" />
    <ClCompile Include="src\ShaderProgram.cpp" />
    <ClCompile Include="src\Buffer.cpp" />
    <ClCompile Include="src\SamplerState.cpp" />
    <ClCompile Include="src\ModelLoader.cpp">
      <Filter>src</Filter>
    </ClCompile>
    <ClCompile Include="src\Material.cpp">
      <Filter>src</Filter>
    </ClCompile>
    <ClCompile Include="src\UserInterface.cpp">
      <Filter>src</Filter>
    </ClCompile>
    <ClCompile Include="imgui-docking\imgui-docking\imgui.cpp">
      <Filter>Imgui\src</Filter>
    </ClCompile>
    <ClCompile Include="imgui-docking\imgui-docking\imgui_demo.cpp">
      <Filter>Imgui\src</Filter>
    </ClCompile>
    <ClCompile Include="imgui-docking\imgui-docking\imgui_draw.cpp">
      <Filter>Imgui\src</Filter>
    </ClCompile>
    <ClCompile Include="imgui-docking\imgui-docking\imgui_tables.cpp">
      <Filter>Imgui\src</Filter>
    </ClCompile>
    <ClCompile Include="imgui-docking\imgui-docking\imgui_widgets.cpp">
      <Filter>Imgui\src</Filter>
    </ClCompile>
    <ClCompile Include="imgui-docking\imgui-docking\backends\imgui_impl_dx11.cpp">
      <Filter>Imgui\src</Filter>
    </ClCompile>
    <ClCompile Include="imgui-docking\imgui-docking\backends\imgui_impl_win32.cpp">
      <Filter>Imgui\src</Filter>
    </ClCompile>
  </ItemGroup>
  <ItemGroup>
    <None Include="PLOPLO-Engine.fx">
      <Filter>Shaders</Filter>
    </None>
    <None Include="cpp.hint" />
  </ItemGroup>
  <ItemGroup>
    <ResourceCompile Include="PLOPLO-Engine.rc">
      <Filter>Resource Files</Filter>
    </ResourceCompile>
  </ItemGroup>
</Project>